{
  "name": "reason-javascript-30",
  "version": "1.0.0",
  "lockfileVersion": 1,
  "requires": true,
  "dependencies": {
    "bs-platform": {
      "version": "4.0.5",
      "resolved": "https://registry.npmjs.org/bs-platform/-/bs-platform-4.0.5.tgz",
      "integrity": "sha512-wK+yUx/5ojlrxgk/EB3Hla7+9NEnE8PxtGb71e4IsKnWPXrRAaVtdTuoWWClv8z77xntOFg8qTgYfYyh9xLMWA=="
    },
    "bs-webapi": {
      "version": "0.12.2",
      "resolved": "https://registry.npmjs.org/bs-webapi/-/bs-webapi-0.12.2.tgz",
      "integrity": "sha512-DpdxZey/0GdbYK2d5dXP9SF9g7gdVwspnqQNonjxQ+HwlJOVcA4pkCyWE8Trxg7O2J2KekKAZLAgn3kjGB71pQ=="
    }
  }
}
